// !$*UTF8*$!
{
	archiveVersion = 1;
	classes = {
	};
	objectVersion = 50;
	objects = {

/* Begin PBXBuildFile section */
		2704D13684D5FE74D891C401 /* Pods_AxxessCodeChallengeTests.framework in Frameworks */ = {isa = PBXBuildFile; fileRef = 65F740B52E4F8A09567D49A2 /* Pods_AxxessCodeChallengeTests.framework */; };
		3AF4B95A85136D86B8958E51 /* Pods_AxxessCodeChallenge.framework in Frameworks */ = {isa = PBXBuildFile; fileRef = 6B5E3326A0787F4D25DFCA19 /* Pods_AxxessCodeChallenge.framework */; };
		F7516E0D21E5BEDB0078D237 /* DateExtension.swift in Sources */ = {isa = PBXBuildFile; fileRef = F7516E0C21E5BEDB0078D237 /* DateExtension.swift */; };
		F755934B21E5E77D009BE194 /* ImageTableViewCell.swift in Sources */ = {isa = PBXBuildFile; fileRef = F755934A21E5E77D009BE194 /* ImageTableViewCell.swift */; };
		F755934D21E6ABEB009BE194 /* ContentListDataSource.swift in Sources */ = {isa = PBXBuildFile; fileRef = F755934C21E6ABEB009BE194 /* ContentListDataSource.swift */; };
		F755934F21E6BB73009BE194 /* TextTableViewCell.swift in Sources */ = {isa = PBXBuildFile; fileRef = F755934E21E6BB73009BE194 /* TextTableViewCell.swift */; };
		F755935121E7E958009BE194 /* DetailViewController.swift in Sources */ = {isa = PBXBuildFile; fileRef = F755935021E7E958009BE194 /* DetailViewController.swift */; };
		F7BE7ED721E52C8A00CD0A07 /* AppDelegate.swift in Sources */ = {isa = PBXBuildFile; fileRef = F7BE7ED621E52C8A00CD0A07 /* AppDelegate.swift */; };
		F7BE7ED921E52C8A00CD0A07 /* ViewController.swift in Sources */ = {isa = PBXBuildFile; fileRef = F7BE7ED821E52C8A00CD0A07 /* ViewController.swift */; };
		F7BE7EDE21E52C8C00CD0A07 /* Assets.xcassets in Resources */ = {isa = PBXBuildFile; fileRef = F7BE7EDD21E52C8C00CD0A07 /* Assets.xcassets */; };
		F7BE7EE121E52C8C00CD0A07 /* LaunchScreen.storyboard in Resources */ = {isa = PBXBuildFile; fileRef = F7BE7EDF21E52C8C00CD0A07 /* LaunchScreen.storyboard */; };
		F7BE7EEC21E52C8C00CD0A07 /* AxxessCodeChallengeTests.swift in Sources */ = {isa = PBXBuildFile; fileRef = F7BE7EEB21E52C8C00CD0A07 /* AxxessCodeChallengeTests.swift */; };
		F7BE7EF721E5302C00CD0A07 /* Network.swift in Sources */ = {isa = PBXBuildFile; fileRef = F7BE7EF621E5302C00CD0A07 /* Network.swift */; };
		F7BE7EFA21E585E700CD0A07 /* Content.swift in Sources */ = {isa = PBXBuildFile; fileRef = F7BE7EF921E585E700CD0A07 /* Content.swift */; };
		F7BE7EFC21E5897500CD0A07 /* ContentType.swift in Sources */ = {isa = PBXBuildFile; fileRef = F7BE7EFB21E5897500CD0A07 /* ContentType.swift */; };
		F7BE7EFE21E5901800CD0A07 /* AlamofireExtension.swift in Sources */ = {isa = PBXBuildFile; fileRef = F7BE7EFD21E5901800CD0A07 /* AlamofireExtension.swift */; };
/* End PBXBuildFile section */

/* Begin PBXContainerItemProxy section */
		F7BE7EE821E52C8C00CD0A07 /* PBXContainerItemProxy */ = {
			isa = PBXContainerItemProxy;
			containerPortal = F7BE7ECB21E52C8A00CD0A07 /* Project object */;
			proxyType = 1;
			remoteGlobalIDString = F7BE7ED221E52C8A00CD0A07;
			remoteInfo = AxxessCodeChallenge;
		};
/* End PBXContainerItemProxy section */

/* Begin PBXFileReference section */
		23763F5C7B8ACC12974E7938 /* Pods-AxxessCodeChallengeTests.release.xcconfig */ = {isa = PBXFileReference; includeInIndex = 1; lastKnownFileType = text.xcconfig; name = "Pods-AxxessCodeChallengeTests.release.xcconfig"; path = "Pods/Target Support Files/Pods-AxxessCodeChallengeTests/Pods-AxxessCodeChallengeTests.release.xcconfig"; sourceTree = "<group>"; };
		65F740B52E4F8A09567D49A2 /* Pods_AxxessCodeChallengeTests.framework */ = {isa = PBXFileReference; explicitFileType = wrapper.framework; includeInIndex = 0; path = Pods_AxxessCodeChallengeTests.framework; sourceTree = BUILT_PRODUCTS_DIR; };
		6B5E3326A0787F4D25DFCA19 /* Pods_AxxessCodeChallenge.framework */ = {isa = PBXFileReference; explicitFileType = wrapper.framework; includeInIndex = 0; path = Pods_AxxessCodeChallenge.framework; sourceTree = BUILT_PRODUCTS_DIR; };
		9FBF021F8CFD9B601B6204B5 /* Pods-AxxessCodeChallenge.debug.xcconfig */ = {isa = PBXFileReference; includeInIndex = 1; lastKnownFileType = text.xcconfig; name = "Pods-AxxessCodeChallenge.debug.xcconfig"; path = "Pods/Target Support Files/Pods-AxxessCodeChallenge/Pods-AxxessCodeChallenge.debug.xcconfig"; sourceTree = "<group>"; };
		ACD2D6F6BDFB7C9B5B03C583 /* Pods-AxxessCodeChallengeTests.debug.xcconfig */ = {isa = PBXFileReference; includeInIndex = 1; lastKnownFileType = text.xcconfig; name = "Pods-AxxessCodeChallengeTests.debug.xcconfig"; path = "Pods/Target Support Files/Pods-AxxessCodeChallengeTests/Pods-AxxessCodeChallengeTests.debug.xcconfig"; sourceTree = "<group>"; };
		F7516E0C21E5BEDB0078D237 /* DateExtension.swift */ = {isa = PBXFileReference; lastKnownFileType = sourcecode.swift; path = DateExtension.swift; sourceTree = "<group>"; };
		F755934A21E5E77D009BE194 /* ImageTableViewCell.swift */ = {isa = PBXFileReference; lastKnownFileType = sourcecode.swift; path = ImageTableViewCell.swift; sourceTree = "<group>"; };
		F755934C21E6ABEB009BE194 /* ContentListDataSource.swift */ = {isa = PBXFileReference; lastKnownFileType = sourcecode.swift; path = ContentListDataSource.swift; sourceTree = "<group>"; };
		F755934E21E6BB73009BE194 /* TextTableViewCell.swift */ = {isa = PBXFileReference; lastKnownFileType = sourcecode.swift; path = TextTableViewCell.swift; sourceTree = "<group>"; };
		F755935021E7E958009BE194 /* DetailViewController.swift */ = {isa = PBXFileReference; lastKnownFileType = sourcecode.swift; path = DetailViewController.swift; sourceTree = "<group>"; };
		F7BE7ED321E52C8A00CD0A07 /* AxxessCodeChallenge.app */ = {isa = PBXFileReference; explicitFileType = wrapper.application; includeInIndex = 0; path = AxxessCodeChallenge.app; sourceTree = BUILT_PRODUCTS_DIR; };
		F7BE7ED621E52C8A00CD0A07 /* AppDelegate.swift */ = {isa = PBXFileReference; lastKnownFileType = sourcecode.swift; path = AppDelegate.swift; sourceTree = "<group>"; };
		F7BE7ED821E52C8A00CD0A07 /* ViewController.swift */ = {isa = PBXFileReference; lastKnownFileType = sourcecode.swift; path = ViewController.swift; sourceTree = "<group>"; };
		F7BE7EDD21E52C8C00CD0A07 /* Assets.xcassets */ = {isa = PBXFileReference; lastKnownFileType = folder.assetcatalog; path = Assets.xcassets; sourceTree = "<group>"; };
		F7BE7EE021E52C8C00CD0A07 /* Base */ = {isa = PBXFileReference; lastKnownFileType = file.storyboard; name = Base; path = Base.lproj/LaunchScreen.storyboard; sourceTree = "<group>"; };
		F7BE7EE221E52C8C00CD0A07 /* Info.plist */ = {isa = PBXFileReference; lastKnownFileType = text.plist.xml; path = Info.plist; sourceTree = "<group>"; };
		F7BE7EE721E52C8C00CD0A07 /* AxxessCodeChallengeTests.xctest */ = {isa = PBXFileReference; explicitFileType = wrapper.cfbundle; includeInIndex = 0; path = AxxessCodeChallengeTests.xctest; sourceTree = BUILT_PRODUCTS_DIR; };
		F7BE7EEB21E52C8C00CD0A07 /* AxxessCodeChallengeTests.swift */ = {isa = PBXFileReference; lastKnownFileType = sourcecode.swift; path = AxxessCodeChallengeTests.swift; sourceTree = "<group>"; };
		F7BE7EED21E52C8C00CD0A07 /* Info.plist */ = {isa = PBXFileReference; lastKnownFileType = text.plist.xml; path = Info.plist; sourceTree = "<group>"; };
		F7BE7EF621E5302C00CD0A07 /* Network.swift */ = {isa = PBXFileReference; lastKnownFileType = sourcecode.swift; path = Network.swift; sourceTree = "<group>"; };
		F7BE7EF921E585E700CD0A07 /* Content.swift */ = {isa = PBXFileReference; lastKnownFileType = sourcecode.swift; path = Content.swift; sourceTree = "<group>"; };
		F7BE7EFB21E5897500CD0A07 /* ContentType.swift */ = {isa = PBXFileReference; lastKnownFileType = sourcecode.swift; path = ContentType.swift; sourceTree = "<group>"; };
		F7BE7EFD21E5901800CD0A07 /* AlamofireExtension.swift */ = {isa = PBXFileReference; lastKnownFileType = sourcecode.swift; path = AlamofireExtension.swift; sourceTree = "<group>"; };
		FB6F187E5707340A26D63C20 /* Pods-AxxessCodeChallenge.release.xcconfig */ = {isa = PBXFileReference; includeInIndex = 1; lastKnownFileType = text.xcconfig; name = "Pods-AxxessCodeChallenge.release.xcconfig"; path = "Pods/Target Support Files/Pods-AxxessCodeChallenge/Pods-AxxessCodeChallenge.release.xcconfig"; sourceTree = "<group>"; };
/* End PBXFileReference section */

/* Begin PBXFrameworksBuildPhase section */
		F7BE7ED021E52C8A00CD0A07 /* Frameworks */ = {
			isa = PBXFrameworksBuildPhase;
			buildActionMask = 2147483647;
			files = (
				3AF4B95A85136D86B8958E51 /* Pods_AxxessCodeChallenge.framework in Frameworks */,
			);
			runOnlyForDeploymentPostprocessing = 0;
		};
		F7BE7EE421E52C8C00CD0A07 /* Frameworks */ = {
			isa = PBXFrameworksBuildPhase;
			buildActionMask = 2147483647;
			files = (
				2704D13684D5FE74D891C401 /* Pods_AxxessCodeChallengeTests.framework in Frameworks */,
			);
			runOnlyForDeploymentPostprocessing = 0;
		};
/* End PBXFrameworksBuildPhase section */

/* Begin PBXGroup section */
		D48B5C6E1BCCCC48326F6E2B /* Pods */ = {
			isa = PBXGroup;
			children = (
				9FBF021F8CFD9B601B6204B5 /* Pods-AxxessCodeChallenge.debug.xcconfig */,
				FB6F187E5707340A26D63C20 /* Pods-AxxessCodeChallenge.release.xcconfig */,
				ACD2D6F6BDFB7C9B5B03C583 /* Pods-AxxessCodeChallengeTests.debug.xcconfig */,
				23763F5C7B8ACC12974E7938 /* Pods-AxxessCodeChallengeTests.release.xcconfig */,
			);
			name = Pods;
			sourceTree = "<group>";
		};
		DE1A17EBC1BE6B7C99285A20 /* Frameworks */ = {
			isa = PBXGroup;
			children = (
				6B5E3326A0787F4D25DFCA19 /* Pods_AxxessCodeChallenge.framework */,
				65F740B52E4F8A09567D49A2 /* Pods_AxxessCodeChallengeTests.framework */,
			);
			name = Frameworks;
			sourceTree = "<group>";
		};
		F7516E0B21E5BEB30078D237 /* Extension */ = {
			isa = PBXGroup;
			children = (
				F7BE7EFD21E5901800CD0A07 /* AlamofireExtension.swift */,
				F7516E0C21E5BEDB0078D237 /* DateExtension.swift */,
			);
			path = Extension;
			sourceTree = "<group>";
		};
		F755934721E5DDFA009BE194 /* Network */ = {
			isa = PBXGroup;
			children = (
				F7BE7EF621E5302C00CD0A07 /* Network.swift */,
			);
			path = Network;
			sourceTree = "<group>";
		};
		F755934821E5DE0F009BE194 /* Controller  */ = {
			isa = PBXGroup;
			children = (
				F7BE7ED821E52C8A00CD0A07 /* ViewController.swift */,
				F755935021E7E958009BE194 /* DetailViewController.swift */,
			);
			path = "Controller ";
			sourceTree = "<group>";
		};
		F755934921E5DE24009BE194 /* View */ = {
			isa = PBXGroup;
			children = (
				F755934A21E5E77D009BE194 /* ImageTableViewCell.swift */,
				F755934E21E6BB73009BE194 /* TextTableViewCell.swift */,
			);
			path = View;
			sourceTree = "<group>";
		};
		F7BE7ECA21E52C8A00CD0A07 = {
			isa = PBXGroup;
			children = (
				F7BE7ED521E52C8A00CD0A07 /* AxxessCodeChallenge */,
				F7BE7EEA21E52C8C00CD0A07 /* AxxessCodeChallengeTests */,
				F7BE7ED421E52C8A00CD0A07 /* Products */,
				D48B5C6E1BCCCC48326F6E2B /* Pods */,
				DE1A17EBC1BE6B7C99285A20 /* Frameworks */,
			);
			sourceTree = "<group>";
		};
		F7BE7ED421E52C8A00CD0A07 /* Products */ = {
			isa = PBXGroup;
			children = (
				F7BE7ED321E52C8A00CD0A07 /* AxxessCodeChallenge.app */,
				F7BE7EE721E52C8C00CD0A07 /* AxxessCodeChallengeTests.xctest */,
			);
			name = Products;
			sourceTree = "<group>";
		};
		F7BE7ED521E52C8A00CD0A07 /* AxxessCodeChallenge */ = {
			isa = PBXGroup;
			children = (
				F7BE7ED621E52C8A00CD0A07 /* AppDelegate.swift */,
				F755934C21E6ABEB009BE194 /* ContentListDataSource.swift */,
				F7BE7EF821E585B300CD0A07 /* Model */,
				F755934921E5DE24009BE194 /* View */,
				F755934821E5DE0F009BE194 /* Controller  */,
				F755934721E5DDFA009BE194 /* Network */,
				F7516E0B21E5BEB30078D237 /* Extension */,
				F7BE7EDD21E52C8C00CD0A07 /* Assets.xcassets */,
				F7BE7EDF21E52C8C00CD0A07 /* LaunchScreen.storyboard */,
				F7BE7EE221E52C8C00CD0A07 /* Info.plist */,
			);
			path = AxxessCodeChallenge;
			sourceTree = "<group>";
		};
		F7BE7EEA21E52C8C00CD0A07 /* AxxessCodeChallengeTests */ = {
			isa = PBXGroup;
			children = (
				F7BE7EEB21E52C8C00CD0A07 /* AxxessCodeChallengeTests.swift */,
				F7BE7EED21E52C8C00CD0A07 /* Info.plist */,
			);
			path = AxxessCodeChallengeTests;
			sourceTree = "<group>";
		};
		F7BE7EF821E585B300CD0A07 /* Model */ = {
			isa = PBXGroup;
			children = (
				F7BE7EF921E585E700CD0A07 /* Content.swift */,
				F7BE7EFB21E5897500CD0A07 /* ContentType.swift */,
			);
			path = Model;
			sourceTree = "<group>";
		};
/* End PBXGroup section */

/* Begin PBXNativeTarget section */
		F7BE7ED221E52C8A00CD0A07 /* AxxessCodeChallenge */ = {
			isa = PBXNativeTarget;
			buildConfigurationList = F7BE7EF021E52C8C00CD0A07 /* Build configuration list for PBXNativeTarget "AxxessCodeChallenge" */;
			buildPhases = (
				307B70C18E356542C4186D32 /* [CP] Check Pods Manifest.lock */,
				F7BE7ECF21E52C8A00CD0A07 /* Sources */,
				F7BE7ED021E52C8A00CD0A07 /* Frameworks */,
				F7BE7ED121E52C8A00CD0A07 /* Resources */,
				F56BCD321761A34B4BA86307 /* [CP] Embed Pods Frameworks */,
			);
			buildRules = (
			);
			dependencies = (
			);
			name = AxxessCodeChallenge;
			productName = AxxessCodeChallenge;
			productReference = F7BE7ED321E52C8A00CD0A07 /* AxxessCodeChallenge.app */;
			productType = "com.apple.product-type.application";
		};
		F7BE7EE621E52C8C00CD0A07 /* AxxessCodeChallengeTests */ = {
			isa = PBXNativeTarget;
			buildConfigurationList = F7BE7EF321E52C8C00CD0A07 /* Build configuration list for PBXNativeTarget "AxxessCodeChallengeTests" */;
			buildPhases = (
				B18997265D14A3C6F914333B /* [CP] Check Pods Manifest.lock */,
				F7BE7EE321E52C8C00CD0A07 /* Sources */,
				F7BE7EE421E52C8C00CD0A07 /* Frameworks */,
				F7BE7EE521E52C8C00CD0A07 /* Resources */,
			);
			buildRules = (
			);
			dependencies = (
				F7BE7EE921E52C8C00CD0A07 /* PBXTargetDependency */,
			);
			name = AxxessCodeChallengeTests;
			productName = AxxessCodeChallengeTests;
			productReference = F7BE7EE721E52C8C00CD0A07 /* AxxessCodeChallengeTests.xctest */;
			productType = "com.apple.product-type.bundle.unit-test";
		};
/* End PBXNativeTarget section */

/* Begin PBXProject section */
		F7BE7ECB21E52C8A00CD0A07 /* Project object */ = {
			isa = PBXProject;
			attributes = {
				LastSwiftUpdateCheck = 1010;
				LastUpgradeCheck = 1010;
				ORGANIZATIONNAME = "Jean Pierre";
				TargetAttributes = {
					F7BE7ED221E52C8A00CD0A07 = {
						CreatedOnToolsVersion = 10.1;
					};
					F7BE7EE621E52C8C00CD0A07 = {
						CreatedOnToolsVersion = 10.1;
						TestTargetID = F7BE7ED221E52C8A00CD0A07;
					};
				};
			};
			buildConfigurationList = F7BE7ECE21E52C8A00CD0A07 /* Build configuration list for PBXProject "AxxessCodeChallenge" */;
			compatibilityVersion = "Xcode 9.3";
			developmentRegion = en;
			hasScannedForEncodings = 0;
			knownRegions = (
				en,
				Base,
			);
			mainGroup = F7BE7ECA21E52C8A00CD0A07;
			productRefGroup = F7BE7ED421E52C8A00CD0A07 /* Products */;
			projectDirPath = "";
			projectRoot = "";
			targets = (
				F7BE7ED221E52C8A00CD0A07 /* AxxessCodeChallenge */,
				F7BE7EE621E52C8C00CD0A07 /* AxxessCodeChallengeTests */,
			);
		};
/* End PBXProject section */

/* Begin PBXResourcesBuildPhase section */
		F7BE7ED121E52C8A00CD0A07 /* Resources */ = {
			isa = PBXResourcesBuildPhase;
			buildActionMask = 2147483647;
			files = (
				F7BE7EE121E52C8C00CD0A07 /* LaunchScreen.storyboard in Resources */,
				F7BE7EDE21E52C8C00CD0A07 /* Assets.xcassets in Resources */,
			);
			runOnlyForDeploymentPostprocessing = 0;
		};
		F7BE7EE521E52C8C00CD0A07 /* Resources */ = {
			isa = PBXResourcesBuildPhase;
			buildActionMask = 2147483647;
			files = (
			);
			runOnlyForDeploymentPostprocessing = 0;
		};
/* End PBXResourcesBuildPhase section */

/* Begin PBXShellScriptBuildPhase section */
		307B70C18E356542C4186D32 /* [CP] Check Pods Manifest.lock */ = {
			isa = PBXShellScriptBuildPhase;
			buildActionMask = 2147483647;
			files = (
			);
			inputPaths = (
				"${PODS_PODFILE_DIR_PATH}/Podfile.lock",
				"${PODS_ROOT}/Manifest.lock",
			);
			name = "[CP] Check Pods Manifest.lock";
			outputPaths = (
				"$(DERIVED_FILE_DIR)/Pods-AxxessCodeChallenge-checkManifestLockResult.txt",
			);
			runOnlyForDeploymentPostprocessing = 0;
			shellPath = /bin/sh;
			shellScript = "diff \"${PODS_PODFILE_DIR_PATH}/Podfile.lock\" \"${PODS_ROOT}/Manifest.lock\" > /dev/null\nif [ $? != 0 ] ; then\n    # print error to STDERR\n    echo \"error: The sandbox is not in sync with the Podfile.lock. Run 'pod install' or update your CocoaPods installation.\" >&2\n    exit 1\nfi\n# This output is used by Xcode 'outputs' to avoid re-running this script phase.\necho \"SUCCESS\" > \"${SCRIPT_OUTPUT_FILE_0}\"\n";
			showEnvVarsInLog = 0;
		};
		B18997265D14A3C6F914333B /* [CP] Check Pods Manifest.lock */ = {
			isa = PBXShellScriptBuildPhase;
			buildActionMask = 2147483647;
			files = (
			);
			inputPaths = (
				"${PODS_PODFILE_DIR_PATH}/Podfile.lock",
				"${PODS_ROOT}/Manifest.lock",
			);
			name = "[CP] Check Pods Manifest.lock";
			outputPaths = (
				"$(DERIVED_FILE_DIR)/Pods-AxxessCodeChallengeTests-checkManifestLockResult.txt",
			);
			runOnlyForDeploymentPostprocessing = 0;
			shellPath = /bin/sh;
			shellScript = "diff \"${PODS_PODFILE_DIR_PATH}/Podfile.lock\" \"${PODS_ROOT}/Manifest.lock\" > /dev/null\nif [ $? != 0 ] ; then\n    # print error to STDERR\n    echo \"error: The sandbox is not in sync with the Podfile.lock. Run 'pod install' or update your CocoaPods installation.\" >&2\n    exit 1\nfi\n# This output is used by Xcode 'outputs' to avoid re-running this script phase.\necho \"SUCCESS\" > \"${SCRIPT_OUTPUT_FILE_0}\"\n";
			showEnvVarsInLog = 0;
		};
		F56BCD321761A34B4BA86307 /* [CP] Embed Pods Frameworks */ = {
			isa = PBXShellScriptBuildPhase;
			buildActionMask = 2147483647;
			files = (
			);
			inputPaths = (
				"${SRCROOT}/Pods/Target Support Files/Pods-AxxessCodeChallenge/Pods-AxxessCodeChallenge-frameworks.sh",
				"${BUILT_PRODUCTS_DIR}/Alamofire/Alamofire.framework",
				"${BUILT_PRODUCTS_DIR}/AlamofireImage/AlamofireImage.framework",
				"${BUILT_PRODUCTS_DIR}/SnapKit/SnapKit.framework",
			);
			name = "[CP] Embed Pods Frameworks";
			outputPaths = (
				"${TARGET_BUILD_DIR}/${FRAMEWORKS_FOLDER_PATH}/Alamofire.framework",
				"${TARGET_BUILD_DIR}/${FRAMEWORKS_FOLDER_PATH}/AlamofireImage.framework",
				"${TARGET_BUILD_DIR}/${FRAMEWORKS_FOLDER_PATH}/SnapKit.framework",
			);
			runOnlyForDeploymentPostprocessing = 0;
			shellPath = /bin/sh;
			shellScript = "\"${SRCROOT}/Pods/Target Support Files/Pods-AxxessCodeChallenge/Pods-AxxessCodeChallenge-frameworks.sh\"\n";
			showEnvVarsInLog = 0;
		};
/* End PBXShellScriptBuildPhase section */

/* Begin PBXSourcesBuildPhase section */
		F7BE7ECF21E52C8A00CD0A07 /* Sources */ = {
			isa = PBXSourcesBuildPhase;
			buildActionMask = 2147483647;
			files = (
				F755935121E7E958009BE194 /* DetailViewController.swift in Sources */,
				F7BE7EFC21E5897500CD0A07 /* ContentType.swift in Sources */,
				F755934B21E5E77D009BE194 /* ImageTableViewCell.swift in Sources */,
				F7516E0D21E5BEDB0078D237 /* DateExtension.swift in Sources */,
				F7BE7ED921E52C8A00CD0A07 /* ViewController.swift in Sources */,
				F755934F21E6BB73009BE194 /* TextTableViewCell.swift in Sources */,
				F7BE7EFA21E585E700CD0A07 /* Content.swift in Sources */,
				F7BE7EF721E5302C00CD0A07 /* Network.swift in Sources */,
				F7BE7EFE21E5901800CD0A07 /* AlamofireExtension.swift in Sources */,
				F7BE7ED721E52C8A00CD0A07 /* AppDelegate.swift in Sources */,
				F755934D21E6ABEB009BE194 /* ContentListDataSource.swift in Sources */,
			);
			runOnlyForDeploymentPostprocessing = 0;
		};
		F7BE7EE321E52C8C00CD0A07 /* Sources */ = {
			isa = PBXSourcesBuildPhase;
			buildActionMask = 2147483647;
			files = (
				F7BE7EEC21E52C8C00CD0A07 /* AxxessCodeChallengeTests.swift in Sources */,
			);
			runOnlyForDeploymentPostprocessing = 0;
		};
/* End PBXSourcesBuildPhase section */

/* Begin PBXTargetDependency section */
		F7BE7EE921E52C8C00CD0A07 /* PBXTargetDependency */ = {
			isa = PBXTargetDependency;
			target = F7BE7ED221E52C8A00CD0A07 /* AxxessCodeChallenge */;
			targetProxy = F7BE7EE821E52C8C00CD0A07 /* PBXContainerItemProxy */;
		};
/* End PBXTargetDependency section */

/* Begin PBXVariantGroup section */
		F7BE7EDF21E52C8C00CD0A07 /* LaunchScreen.storyboard */ = {
			isa = PBXVariantGroup;
			children = (
				F7BE7EE021E52C8C00CD0A07 /* Base */,
			);
			name = LaunchScreen.storyboard;
			sourceTree = "<group>";
		};
/* End PBXVariantGroup section */

/* Begin XCBuildConfiguration section */
		F7BE7EEE21E52C8C00CD0A07 /* Debug */ = {
			isa = XCBuildConfiguration;
			buildSettings = {
				ALWAYS_SEARCH_USER_PATHS = NO;
				CLANG_ANALYZER_NONNULL = YES;
				CLANG_ANALYZER_NUMBER_OBJECT_CONVERSION = YES_AGGRESSIVE;
				CLANG_CXX_LANGUAGE_STANDARD = "gnu++14";
				CLANG_CXX_LIBRARY = "libc++";
				CLANG_ENABLE_MODULES = YES;
				CLANG_ENABLE_OBJC_ARC = YES;
				CLANG_ENABLE_OBJC_WEAK = YES;
				CLANG_WARN_BLOCK_CAPTURE_AUTORELEASING = YES;
				CLANG_WARN_BOOL_CONVERSION = YES;
				CLANG_WARN_COMMA = YES;
				CLANG_WARN_CONSTANT_CONVERSION = YES;
				CLANG_WARN_DEPRECATED_OBJC_IMPLEMENTATIONS = YES;
				CLANG_WARN_DIRECT_OBJC_ISA_USAGE = YES_ERROR;
				CLANG_WARN_DOCUMENTATION_COMMENTS = YES;
				CLANG_WARN_EMPTY_BODY = YES;
				CLANG_WARN_ENUM_CONVERSION = YES;
				CLANG_WARN_INFINITE_RECURSION = YES;
				CLANG_WARN_INT_CONVERSION = YES;
				CLANG_WARN_NON_LITERAL_NULL_CONVERSION = YES;
				CLANG_WARN_OBJC_IMPLICIT_RETAIN_SELF = YES;
				CLANG_WARN_OBJC_LITERAL_CONVERSION = YES;
				CLANG_WARN_OBJC_ROOT_CLASS = YES_ERROR;
				CLANG_WARN_RANGE_LOOP_ANALYSIS = YES;
				CLANG_WARN_STRICT_PROTOTYPES = YES;
				CLANG_WARN_SUSPICIOUS_MOVE = YES;
				CLANG_WARN_UNGUARDED_AVAILABILITY = YES_AGGRESSIVE;
				CLANG_WARN_UNREACHABLE_CODE = YES;
				CLANG_WARN__DUPLICATE_METHOD_MATCH = YES;
				CODE_SIGN_IDENTITY = "iPhone Developer";
				COPY_PHASE_STRIP = NO;
				DEBUG_INFORMATION_FORMAT = dwarf;
				ENABLE_STRICT_OBJC_MSGSEND = YES;
				ENABLE_TESTABILITY = YES;
				GCC_C_LANGUAGE_STANDARD = gnu11;
				GCC_DYNAMIC_NO_PIC = NO;
				GCC_NO_COMMON_BLOCKS = YES;
				GCC_OPTIMIZATION_LEVEL = 0;
				GCC_PREPROCESSOR_DEFINITIONS = (
					"DEBUG=1",
					"$(inherited)",
				);
				GCC_WARN_64_TO_32_BIT_CONVERSION = YES;
				GCC_WARN_ABOUT_RETURN_TYPE = YES_ERROR;
				GCC_WARN_UNDECLARED_SELECTOR = YES;
				GCC_WARN_UNINITIALIZED_AUTOS = YES_AGGRESSIVE;
				GCC_WARN_UNUSED_FUNCTION = YES;
				GCC_WARN_UNUSED_VARIABLE = YES;
				IPHONEOS_DEPLOYMENT_TARGET = 12.1;
				MTL_ENABLE_DEBUG_INFO = INCLUDE_SOURCE;
				MTL_FAST_MATH = YES;
				ONLY_ACTIVE_ARCH = YES;
				SDKROOT = iphoneos;
				SWIFT_ACTIVE_COMPILATION_CONDITIONS = DEBUG;
				SWIFT_OPTIMIZATION_LEVEL = "-Onone";
			};
			name = Debug;
		};
		F7BE7EEF21E52C8C00CD0A07 /* Release */ = {
			isa = XCBuildConfiguration;
			buildSettings = {
				ALWAYS_SEARCH_USER_PATHS = NO;
				CLANG_ANALYZER_NONNULL = YES;
				CLANG_ANALYZER_NUMBER_OBJECT_CONVERSION = YES_AGGRESSIVE;
				CLANG_CXX_LANGUAGE_STANDARD = "gnu++14";
				CLANG_CXX_LIBRARY = "libc++";
				CLANG_ENABLE_MODULES = YES;
				CLANG_ENABLE_OBJC_ARC = YES;
				CLANG_ENABLE_OBJC_WEAK = YES;
				CLANG_WARN_BLOCK_CAPTURE_AUTORELEASING = YES;
				CLANG_WARN_BOOL_CONVERSION = YES;
				CLANG_WARN_COMMA = YES;
				CLANG_WARN_CONSTANT_CONVERSION = YES;
				CLANG_WARN_DEPRECATED_OBJC_IMPLEMENTATIONS = YES;
				CLANG_WARN_DIRECT_OBJC_ISA_USAGE = YES_ERROR;
				CLANG_WARN_DOCUMENTATION_COMMENTS = YES;
				CLANG_WARN_EMPTY_BODY = YES;
				CLANG_WARN_ENUM_CONVERSION = YES;
				CLANG_WARN_INFINITE_RECURSION = YES;
				CLANG_WARN_INT_CONVERSION = YES;
				CLANG_WARN_NON_LITERAL_NULL_CONVERSION = YES;
				CLANG_WARN_OBJC_IMPLICIT_RETAIN_SELF = YES;
				CLANG_WARN_OBJC_LITERAL_CONVERSION = YES;
				CLANG_WARN_OBJC_ROOT_CLASS = YES_ERROR;
				CLANG_WARN_RANGE_LOOP_ANALYSIS = YES;
				CLANG_WARN_STRICT_PROTOTYPES = YES;
				CLANG_WARN_SUSPICIOUS_MOVE = YES;
				CLANG_WARN_UNGUARDED_AVAILABILITY = YES_AGGRESSIVE;
				CLANG_WARN_UNREACHABLE_CODE = YES;
				CLANG_WARN__DUPLICATE_METHOD_MATCH = YES;
				CODE_SIGN_IDENTITY = "iPhone Developer";
				COPY_PHASE_STRIP = NO;
				DEBUG_INFORMATION_FORMAT = "dwarf-with-dsym";
				ENABLE_NS_ASSERTIONS = NO;
				ENABLE_STRICT_OBJC_MSGSEND = YES;
				GCC_C_LANGUAGE_STANDARD = gnu11;
				GCC_NO_COMMON_BLOCKS = YES;
				GCC_WARN_64_TO_32_BIT_CONVERSION = YES;
				GCC_WARN_ABOUT_RETURN_TYPE = YES_ERROR;
				GCC_WARN_UNDECLARED_SELECTOR = YES;
				GCC_WARN_UNINITIALIZED_AUTOS = YES_AGGRESSIVE;
				GCC_WARN_UNUSED_FUNCTION = YES;
				GCC_WARN_UNUSED_VARIABLE = YES;
				IPHONEOS_DEPLOYMENT_TARGET = 12.1;
				MTL_ENABLE_DEBUG_INFO = NO;
				MTL_FAST_MATH = YES;
				SDKROOT = iphoneos;
				SWIFT_COMPILATION_MODE = wholemodule;
				SWIFT_OPTIMIZATION_LEVEL = "-O";
				VALIDATE_PRODUCT = YES;
			};
			name = Release;
		};
		F7BE7EF121E52C8C00CD0A07 /* Debug */ = {
			isa = XCBuildConfiguration;
			baseConfigurationReference = 9FBF021F8CFD9B601B6204B5 /* Pods-AxxessCodeChallenge.debug.xcconfig */;
			buildSettings = {
				ASSETCATALOG_COMPILER_APPICON_NAME = AppIcon;
				CODE_SIGN_STYLE = Automatic;
				DEVELOPMENT_TEAM = VGY49H4R8D;
				INFOPLIST_FILE = AxxessCodeChallenge/Info.plist;
				LD_RUNPATH_SEARCH_PATHS = (
					"$(inherited)",
					"@executable_path/Frameworks",
				);
				PRODUCT_BUNDLE_IDENTIFIER = com.JeanPierre.AxxessCodeChallenge;
				PRODUCT_NAME = "$(TARGET_NAME)";
				SWIFT_VERSION = 4.0;
				TARGETED_DEVICE_FAMILY = "1,2";
			};
			name = Debug;
		};
		F7BE7EF221E52C8C00CD0A07 /* Release */ = {
			isa = XCBuildConfiguration;
			baseConfigurationReference = FB6F187E5707340A26D63C20 /* Pods-AxxessCodeChallenge.release.xcconfig */;
			buildSettings = {
				ASSETCATALOG_COMPILER_APPICON_NAME = AppIcon;
				CODE_SIGN_STYLE = Automatic;
				DEVELOPMENT_TEAM = VGY49H4R8D;
				INFOPLIST_FILE = AxxessCodeChallenge/Info.plist;
				LD_RUNPATH_SEARCH_PATHS = (
					"$(inherited)",
					"@executable_path/Frameworks",
				);
				PRODUCT_BUNDLE_IDENTIFIER = com.JeanPierre.AxxessCodeChallenge;
				PRODUCT_NAME = "$(TARGET_NAME)";
				SWIFT_VERSION = 4.0;
				TARGETED_DEVICE_FAMILY = "1,2";
			};
			name = Release;
		};
		F7BE7EF421E52C8C00CD0A07 /* Debug */ = {
			isa = XCBuildConfiguration;
			baseConfigurationReference = ACD2D6F6BDFB7C9B5B03C583 /* Pods-AxxessCodeChallengeTests.debug.xcconfig */;
			buildSettings = {
				ALWAYS_EMBED_SWIFT_STANDARD_LIBRARIES = YES;
				BUNDLE_LOADER = "$(TEST_HOST)";
				CODE_SIGN_STYLE = Automatic;
				DEVELOPMENT_TEAM = VGY49H4R8D;
				INFOPLIST_FILE = AxxessCodeChallengeTests/Info.plist;
				LD_RUNPATH_SEARCH_PATHS = (
					"$(inherited)",
					"@executable_path/Frameworks",
					"@loader_path/Frameworks",
				);
				PRODUCT_BUNDLE_IDENTIFIER = com.JeanPierre.AxxessCodeChallengeTests;
				PRODUCT_NAME = "$(TARGET_NAME)";
				SWIFT_VERSION = 4.2;
				TARGETED_DEVICE_FAMILY = "1,2";
				TEST_HOST = "$(BUILT_PRODUCTS_DIR)/AxxessCodeChallenge.app/AxxessCodeChallenge";
			};
			name = Debug;
		};
		F7BE7EF521E52C8C00CD0A07 /* Release */ = {
			isa = XCBuildConfiguration;
			baseConfigurationReference = 23763F5C7B8ACC12974E7938 /* Pods-AxxessCodeChallengeTests.release.xcconfig */;
			buildSettings = {
				ALWAYS_EMBED_SWIFT_STANDARD_LIBRARIES = YES;
				BUNDLE_LOADER = "$(TEST_HOST)";
				CODE_SIGN_STYLE = Automatic;
				DEVELOPMENT_TEAM = VGY49H4R8D;
				INFOPLIST_FILE = AxxessCodeChallengeTests/Info.plist;
				LD_RUNPATH_SEARCH_PATHS = (
					"$(inherited)",
					"@executable_path/Frameworks",
					"@loader_path/Frameworks",
				);
				PRODUCT_BUNDLE_IDENTIFIER = com.JeanPierre.AxxessCodeChallengeTests;
				PRODUCT_NAME = "$(TARGET_NAME)";
				SWIFT_VERSION = 4.2;
				TARGETED_DEVICE_FAMILY = "1,2";
				TEST_HOST = "$(BUILT_PRODUCTS_DIR)/AxxessCodeChallenge.app/AxxessCodeChallenge";
			};
			name = Release;
		};
/* End XCBuildConfiguration section */

/* Begin XCConfigurationList section */
		F7BE7ECE21E52C8A00CD0A07 /* Build configuration list for PBXProject "AxxessCodeChallenge" */ = {
			isa = XCConfigurationList;
			buildConfigurations = (
				F7BE7EEE21E52C8C00CD0A07 /* Debug */,
				F7BE7EEF21E52C8C00CD0A07 /* Release */,
			);
			defaultConfigurationIsVisible = 0;
			defaultConfigurationName = Release;
		};
		F7BE7EF021E52C8C00CD0A07 /* Build configuration list for PBXNativeTarget "AxxessCodeChallenge" */ = {
			isa = XCConfigurationList;
			buildConfigurations = (
				F7BE7EF121E52C8C00CD0A07 /* Debug */,
				F7BE7EF221E52C8C00CD0A07 /* Release */,
			);
			defaultConfigurationIsVisible = 0;
			defaultConfigurationName = Release;
		};
		F7BE7EF321E52C8C00CD0A07 /* Build configuration list for PBXNativeTarget "AxxessCodeChallengeTests" */ = {
			isa = XCConfigurationList;
			buildConfigurations = (
				F7BE7EF421E52C8C00CD0A07 /* Debug */,
				F7BE7EF521E52C8C00CD0A07 /* Release */,
			);
			defaultConfigurationIsVisible = 0;
			defaultConfigurationName = Release;
		};
/* End XCConfigurationList section */
	};
	rootObject = F7BE7ECB21E52C8A00CD0A07 /* Project object */;
}
